
Microsoft Visual Studio Solution File, Format Version 12.00
# Visual Studio Version 17
VisualStudioVersion = 17.0.32126.317
MinimumVisualStudioVersion = 10.0.40219.1
Project("{FAE04EC0-301F-11D3-BF4B-00C04F79EFBC}") = "Askitonce", "Askitonce\Askitonce.csproj", "{61F47B75-A86F-425B-A22F-CCF3AED418E7}"
EndProject
Global
	GlobalSection(SolutionConfigurationPlatforms) = preSolution
		Debug|Any CPU = Debug|Any CPU
		Release|Any CPU = Release|Any CPU
	EndGlobalSection
	GlobalSection(ProjectConfigurationPlatforms) = postSolution
		{61F47B75-A86F-425B-A22F-CCF3AED418E7}.Debug|Any CPU.ActiveCfg = Debug|Any CPU
		{61F47B75-A86F-425B-A22F-CCF3AED418E7}.Debug|Any CPU.Build.0 = Debug|Any CPU
		{61F47B75-A86F-425B-A22F-CCF3AED418E7}.Release|Any CPU.ActiveCfg = Release|Any CPU
		{61F47B75-A86F-425B-A22F-CCF3AED418E7}.Release|Any CPU.Build.0 = Release|Any CPU
	EndGlobalSection
	GlobalSection(SolutionProperties) = preSolution
		HideSolutionNode = FALSE
	EndGlobalSection
	GlobalSection(ExtensibilityGlobals) = postSolution
		SolutionGuid = {CF098CC4-B8D3-41C3-B1B1-83F23176F7AD}
	EndGlobalSection
EndGlobal
